
Microsoft Visual Studio Solution File, Format Version 12.00
# Visual Studio Version 16
VisualStudioVersion = 16.0.31105.61
MinimumVisualStudioVersion = 10.0.40219.1
Project("{8BC9CEB8-8B4A-11D0-8D11-00A0C91BC942}") = "T_string", "T_string\T_string.vcxproj", "{5C351367-5471-4480-9B9F-E31B0A28FD9E}"
EndProject
Global
	GlobalSection(SolutionConfigurationPlatforms) = preSolution
		Debug|x64 = Debug|x64
		Debug|x86 = Debug|x86
		Release|x64 = Release|x64
		Release|x86 = Release|x86
	EndGlobalSection
	GlobalSection(ProjectConfigurationPlatforms) = postSolution
		{5C351367-5471-4480-9B9F-E31B0A28FD9E}.Debug|x64.ActiveCfg = Debug|x64
		{5C351367-5471-4480-9B9F-E31B0A28FD9E}.Debug|x64.Build.0 = Debug|x64
		{5C351367-5471-4480-9B9F-E31B0A28FD9E}.Debug|x86.ActiveCfg = Debug|Win32
		{5C351367-5471-4480-9B9F-E31B0A28FD9E}.Debug|x86.Build.0 = Debug|Win32
		{5C351367-5471-4480-9B9F-E31B0A28FD9E}.Release|x64.ActiveCfg = Release|x64
		{5C351367-5471-4480-9B9F-E31B0A28FD9E}.Release|x64.Build.0 = Release|x64
		{5C351367-5471-4480-9B9F-E31B0A28FD9E}.Release|x86.ActiveCfg = Release|Win32
		{5C351367-5471-4480-9B9F-E31B0A28FD9E}.Release|x86.Build.0 = Release|Win32
	EndGlobalSection
	GlobalSection(SolutionProperties) = preSolution
		HideSolutionNode = FALSE
	EndGlobalSection
	GlobalSection(ExtensibilityGlobals) = postSolution
		SolutionGuid = {77E7CF12-5A19-4DAC-83E7-26C3F4C7CD28}
	EndGlobalSection
EndGlobal
